
Microsoft Visual Studio Solution File, Format Version 12.00
# Visual Studio Version 17
VisualStudioVersion = 17.8.34004.107
MinimumVisualStudioVersion = 10.0.40219.1
Project("{FAE04EC0-301F-11D3-BF4B-00C04F79EFBC}") = "ToDo", "ToDo\ToDo.csproj", "{68F315CF-4A33-4B79-A62E-57CB86872EAA}"
EndProject
Global
	GlobalSection(SolutionConfigurationPlatforms) = preSolution
		Debug|Any CPU = Debug|Any CPU
		Release|Any CPU = Release|Any CPU
	EndGlobalSection
	GlobalSection(ProjectConfigurationPlatforms) = postSolution
		{68F315CF-4A33-4B79-A62E-57CB86872EAA}.Debug|Any CPU.ActiveCfg = Debug|Any CPU
		{68F315CF-4A33-4B79-A62E-57CB86872EAA}.Debug|Any CPU.Build.0 = Debug|Any CPU
		{68F315CF-4A33-4B79-A62E-57CB86872EAA}.Release|Any CPU.ActiveCfg = Release|Any CPU
		{68F315CF-4A33-4B79-A62E-57CB86872EAA}.Release|Any CPU.Build.0 = Release|Any CPU
	EndGlobalSection
	GlobalSection(SolutionProperties) = preSolution
		HideSolutionNode = FALSE
	EndGlobalSection
	GlobalSection(ExtensibilityGlobals) = postSolution
		SolutionGuid = {DD4CC31B-B92C-4A1D-A4D2-E38639CDE178}
	EndGlobalSection
EndGlobal
